{
  "name": "ws-js",
  "version": "0.0.1",
  "lockfileVersion": 1,
  "requires": true,
  "dependencies": {
    "eventbusjs": {
      "version": "0.2.0",
      "resolved": "https://registry.npmjs.org/eventbusjs/-/eventbusjs-0.2.0.tgz",
      "integrity": "sha1-nOs9F0+x5W6+Aq7n3V3ZU7tjepM="
    }
  }
}
